
Microsoft Visual Studio Solution File, Format Version 12.00
# Visual Studio Version 16
VisualStudioVersion = 16.0.30523.141
MinimumVisualStudioVersion = 10.0.40219.1
Project("{9A19103F-16F7-4668-BE54-9A1E7A4F7556}") = "LolDetailsSheets", "LolDetailsSheets\LolDetailsSheets.csproj", "{B1C4F4D8-A013-485E-BA25-F235984B792B}"
EndProject
Global
	GlobalSection(SolutionConfigurationPlatforms) = preSolution
		Debug|Any CPU = Debug|Any CPU
		Release|Any CPU = Release|Any CPU
	EndGlobalSection
	GlobalSection(ProjectConfigurationPlatforms) = postSolution
		{B1C4F4D8-A013-485E-BA25-F235984B792B}.Debug|Any CPU.ActiveCfg = Debug|Any CPU
		{B1C4F4D8-A013-485E-BA25-F235984B792B}.Debug|Any CPU.Build.0 = Debug|Any CPU
		{B1C4F4D8-A013-485E-BA25-F235984B792B}.Release|Any CPU.ActiveCfg = Release|Any CPU
		{B1C4F4D8-A013-485E-BA25-F235984B792B}.Release|Any CPU.Build.0 = Release|Any CPU
	EndGlobalSection
	GlobalSection(SolutionProperties) = preSolution
		HideSolutionNode = FALSE
	EndGlobalSection
	GlobalSection(ExtensibilityGlobals) = postSolution
		SolutionGuid = {7692F64E-28EA-406F-9F61-AD83F2F4AC01}
	EndGlobalSection
EndGlobal
